
Microsoft Visual Studio Solution File, Format Version 12.00
Project("{FAE04EC0-301F-11D3-BF4B-00C04F79EFBC}") = "MagicDeckbuilder.Web", "MagicDeckbuilder.Web\MagicDeckbuilder.Web.csproj", "{4F2CC3AB-3D56-4F2A-B49B-18ADAB372353}"
EndProject
Project("{FAE04EC0-301F-11D3-BF4B-00C04F79EFBC}") = "MagicDeckbuilder.Logic", "MagicDeckbuilder.Logic\MagicDeckbuilder.Logic.csproj", "{3D660C09-7A87-47E4-A582-E89CC9E88F54}"
EndProject
Project("{FAE04EC0-301F-11D3-BF4B-00C04F79EFBC}") = "MagicDeckbuilder.DAL", "MagicDeckbuilder.DAL\MagicDeckbuilder.DAL.csproj", "{2D138C9E-61AE-4DC1-B9DD-65B0602A129C}"
EndProject
Project("{FAE04EC0-301F-11D3-BF4B-00C04F79EFBC}") = "Magic.Deckbuilder.Interfaces", "Magic.Deckbuilder.Interfaces\Magic.Deckbuilder.Interfaces.csproj", "{2DA8D153-E217-4E80-BDB7-AE7198184321}"
EndProject
Project("{FAE04EC0-301F-11D3-BF4B-00C04F79EFBC}") = "MagicDeckbuilder.Factories", "MagicDeckbuilder.Factories\MagicDeckbuilder.Factories.csproj", "{FF543755-3CAB-4456-9141-DE4AB3E3C31E}"
EndProject
Global
	GlobalSection(SolutionConfigurationPlatforms) = preSolution
		Debug|Any CPU = Debug|Any CPU
		Release|Any CPU = Release|Any CPU
	EndGlobalSection
	GlobalSection(ProjectConfigurationPlatforms) = postSolution
		{4F2CC3AB-3D56-4F2A-B49B-18ADAB372353}.Debug|Any CPU.ActiveCfg = Debug|Any CPU
		{4F2CC3AB-3D56-4F2A-B49B-18ADAB372353}.Debug|Any CPU.Build.0 = Debug|Any CPU
		{4F2CC3AB-3D56-4F2A-B49B-18ADAB372353}.Release|Any CPU.ActiveCfg = Release|Any CPU
		{4F2CC3AB-3D56-4F2A-B49B-18ADAB372353}.Release|Any CPU.Build.0 = Release|Any CPU
		{3D660C09-7A87-47E4-A582-E89CC9E88F54}.Debug|Any CPU.ActiveCfg = Debug|Any CPU
		{3D660C09-7A87-47E4-A582-E89CC9E88F54}.Debug|Any CPU.Build.0 = Debug|Any CPU
		{3D660C09-7A87-47E4-A582-E89CC9E88F54}.Release|Any CPU.ActiveCfg = Release|Any CPU
		{3D660C09-7A87-47E4-A582-E89CC9E88F54}.Release|Any CPU.Build.0 = Release|Any CPU
		{2D138C9E-61AE-4DC1-B9DD-65B0602A129C}.Debug|Any CPU.ActiveCfg = Debug|Any CPU
		{2D138C9E-61AE-4DC1-B9DD-65B0602A129C}.Debug|Any CPU.Build.0 = Debug|Any CPU
		{2D138C9E-61AE-4DC1-B9DD-65B0602A129C}.Release|Any CPU.ActiveCfg = Release|Any CPU
		{2D138C9E-61AE-4DC1-B9DD-65B0602A129C}.Release|Any CPU.Build.0 = Release|Any CPU
		{2DA8D153-E217-4E80-BDB7-AE7198184321}.Debug|Any CPU.ActiveCfg = Debug|Any CPU
		{2DA8D153-E217-4E80-BDB7-AE7198184321}.Debug|Any CPU.Build.0 = Debug|Any CPU
		{2DA8D153-E217-4E80-BDB7-AE7198184321}.Release|Any CPU.ActiveCfg = Release|Any CPU
		{2DA8D153-E217-4E80-BDB7-AE7198184321}.Release|Any CPU.Build.0 = Release|Any CPU
		{FF543755-3CAB-4456-9141-DE4AB3E3C31E}.Debug|Any CPU.ActiveCfg = Debug|Any CPU
		{FF543755-3CAB-4456-9141-DE4AB3E3C31E}.Debug|Any CPU.Build.0 = Debug|Any CPU
		{FF543755-3CAB-4456-9141-DE4AB3E3C31E}.Release|Any CPU.ActiveCfg = Release|Any CPU
		{FF543755-3CAB-4456-9141-DE4AB3E3C31E}.Release|Any CPU.Build.0 = Release|Any CPU
	EndGlobalSection
EndGlobal
